
Microsoft Visual Studio Solution File, Format Version 12.00
# Visual Studio Version 16
VisualStudioVersion = 16.0.30011.22
MinimumVisualStudioVersion = 10.0.40219.1
Project("{9092AA53-FB77-4645-B42D-1CCCA6BD08BD}") = "OnlineShopping", "..\..\..\OnlineShoppingSample\shopping-online\OnlineShopping.njsproj", "{B1BAE472-57B5-433B-88ED-7374C393EE66}"
EndProject
Global
	GlobalSection(SolutionConfigurationPlatforms) = preSolution
		Debug|Any CPU = Debug|Any CPU
		Release|Any CPU = Release|Any CPU
	EndGlobalSection
	GlobalSection(ProjectConfigurationPlatforms) = postSolution
		{B1BAE472-57B5-433B-88ED-7374C393EE66}.Debug|Any CPU.ActiveCfg = Debug|Any CPU
		{B1BAE472-57B5-433B-88ED-7374C393EE66}.Debug|Any CPU.Build.0 = Debug|Any CPU
		{B1BAE472-57B5-433B-88ED-7374C393EE66}.Release|Any CPU.ActiveCfg = Release|Any CPU
		{B1BAE472-57B5-433B-88ED-7374C393EE66}.Release|Any CPU.Build.0 = Release|Any CPU
	EndGlobalSection
	GlobalSection(SolutionProperties) = preSolution
		HideSolutionNode = FALSE
	EndGlobalSection
	GlobalSection(ExtensibilityGlobals) = postSolution
		SolutionGuid = {CBF25715-07EB-455A-90DE-3AEA80AFC389}
	EndGlobalSection
EndGlobal
